// !$*UTF8*$!
{
	archiveVersion = 1;
	classes = {
	};
	objectVersion = 55;
	objects = {

/* Begin PBXBuildFile section */
		4100B63728DE5893001328CC /* Configuration.swift in Sources */ = {isa = PBXBuildFile; fileRef = 4100B63628DE5893001328CC /* Configuration.swift */; };
		410CD25328E341A60004CD94 /* Lottie in Frameworks */ = {isa = PBXBuildFile; productRef = 410CD25228E341A60004CD94 /* Lottie */; };
		4123CAAB28DF2AE2009FF971 /* HomeView.swift in Sources */ = {isa = PBXBuildFile; fileRef = 4137AAE528DDE22E00F0C59C /* HomeView.swift */; };
		4123CAB128DF3315009FF971 /* LinkView.swift in Sources */ = {isa = PBXBuildFile; fileRef = 4123CAB028DF3315009FF971 /* LinkView.swift */; };
		4123CAB428DF4985009FF971 /* TeamsView.swift in Sources */ = {isa = PBXBuildFile; fileRef = 4123CAB328DF4985009FF971 /* TeamsView.swift */; };
		4123CAB728DF4B31009FF971 /* PlayersView.swift in Sources */ = {isa = PBXBuildFile; fileRef = 4123CAB628DF4B31009FF971 /* PlayersView.swift */; };
		4137AAE428DDE22E00F0C59C /* NbaApp.swift in Sources */ = {isa = PBXBuildFile; fileRef = 4137AAE328DDE22E00F0C59C /* NbaApp.swift */; };
		4137AAE828DDE22F00F0C59C /* Assets.xcassets in Resources */ = {isa = PBXBuildFile; fileRef = 4137AAE728DDE22F00F0C59C /* Assets.xcassets */; };
		415B544128DE140000A336A3 /* IQKeyboardManagerSwift in Frameworks */ = {isa = PBXBuildFile; productRef = 415B544028DE140000A336A3 /* IQKeyboardManagerSwift */; };
		4187893428F1864000974AF5 /* Cache.swift in Sources */ = {isa = PBXBuildFile; fileRef = 4187893328F1864000974AF5 /* Cache.swift */; };
		4187893628F1877500974AF5 /* TokenDTO.swift in Sources */ = {isa = PBXBuildFile; fileRef = 4187893528F1877500974AF5 /* TokenDTO.swift */; };
		4187893828F1881000974AF5 /* Auth.swift in Sources */ = {isa = PBXBuildFile; fileRef = 4187893728F1881000974AF5 /* Auth.swift */; };
		4187893B28F18A4E00974AF5 /* NoReplyDTO.swift in Sources */ = {isa = PBXBuildFile; fileRef = 4187893A28F18A4E00974AF5 /* NoReplyDTO.swift */; };
		4187893D28F18A9500974AF5 /* ErrorDTO.swift in Sources */ = {isa = PBXBuildFile; fileRef = 4187893C28F18A9500974AF5 /* ErrorDTO.swift */; };
		4187893F28F18B1D00974AF5 /* UserDTO.swift in Sources */ = {isa = PBXBuildFile; fileRef = 4187893E28F18B1D00974AF5 /* UserDTO.swift */; };
		4187894128F18B3C00974AF5 /* User.swift in Sources */ = {isa = PBXBuildFile; fileRef = 4187894028F18B3C00974AF5 /* User.swift */; };
		4187894528F1906C00974AF5 /* TeamsViewModel.swift in Sources */ = {isa = PBXBuildFile; fileRef = 4187894428F1906C00974AF5 /* TeamsViewModel.swift */; };
		4187894728F1967100974AF5 /* PlayersViewModel.swift in Sources */ = {isa = PBXBuildFile; fileRef = 4187894628F1967100974AF5 /* PlayersViewModel.swift */; };
		4187894928F1AEA900974AF5 /* TeamDTO.swift in Sources */ = {isa = PBXBuildFile; fileRef = 4187894828F1AEA900974AF5 /* TeamDTO.swift */; };
		4187894B28F1B02E00974AF5 /* Team.swift in Sources */ = {isa = PBXBuildFile; fileRef = 4187894A28F1B02E00974AF5 /* Team.swift */; };
		4187895128F1B7E600974AF5 /* Paginable.swift in Sources */ = {isa = PBXBuildFile; fileRef = 4187895028F1B7E600974AF5 /* Paginable.swift */; };
		4191C59628F9CD6500E59875 /* GenericErrorView.swift in Sources */ = {isa = PBXBuildFile; fileRef = 4191C59528F9CD6500E59875 /* GenericErrorView.swift */; };
		4191C59828F9CF4A00E59875 /* Color+Extension.swift in Sources */ = {isa = PBXBuildFile; fileRef = 4191C59728F9CF4A00E59875 /* Color+Extension.swift */; };
		4191C59E28FA11EC00E59875 /* Teams.json in Resources */ = {isa = PBXBuildFile; fileRef = 4191C59D28FA11EC00E59875 /* Teams.json */; };
		4191C5A228FA232100E59875 /* Players.json in Resources */ = {isa = PBXBuildFile; fileRef = 4191C5A128FA232100E59875 /* Players.json */; };
		4191C5A428FA234400E59875 /* PlayerDTO.swift in Sources */ = {isa = PBXBuildFile; fileRef = 4191C5A328FA234400E59875 /* PlayerDTO.swift */; };
		4191C5A628FA23BE00E59875 /* Player.swift in Sources */ = {isa = PBXBuildFile; fileRef = 4191C5A528FA23BE00E59875 /* Player.swift */; };
		4191C5C128FA541E00E59875 /* TeamCard.swift in Sources */ = {isa = PBXBuildFile; fileRef = 4191C5C028FA541E00E59875 /* TeamCard.swift */; };
		4194C39928F0E95B00C0FB06 /* LoadingView.swift in Sources */ = {isa = PBXBuildFile; fileRef = 4194C39828F0E95B00C0FB06 /* LoadingView.swift */; };
		4194C39B28F0EFA400C0FB06 /* LottieView.swift in Sources */ = {isa = PBXBuildFile; fileRef = 4194C39A28F0EFA400C0FB06 /* LottieView.swift */; };
		4194C39D28F0F05100C0FB06 /* Loader.json in Resources */ = {isa = PBXBuildFile; fileRef = 4194C39C28F0F05100C0FB06 /* Loader.json */; };
		4194C3A128F0F7D500C0FB06 /* View+Extension.swift in Sources */ = {isa = PBXBuildFile; fileRef = 4194C3A028F0F7D500C0FB06 /* View+Extension.swift */; };
		4194C3A328F1093E00C0FB06 /* UINavigationController+Extension.swift in Sources */ = {isa = PBXBuildFile; fileRef = 4194C3A228F1093E00C0FB06 /* UINavigationController+Extension.swift */; };
		4194C3A528F117C500C0FB06 /* Endpoint.swift in Sources */ = {isa = PBXBuildFile; fileRef = 4194C3A428F117C500C0FB06 /* Endpoint.swift */; };
		4194C3A828F1187100C0FB06 /* Log.swift in Sources */ = {isa = PBXBuildFile; fileRef = 4194C3A728F1187100C0FB06 /* Log.swift */; };
		4194C3AA28F118B000C0FB06 /* Network.swift in Sources */ = {isa = PBXBuildFile; fileRef = 4194C3A928F118B000C0FB06 /* Network.swift */; };
		4194C3AC28F11A0B00C0FB06 /* Teams.swift in Sources */ = {isa = PBXBuildFile; fileRef = 4194C3AB28F11A0B00C0FB06 /* Teams.swift */; };
		4194C3AE28F11AB500C0FB06 /* Players.swift in Sources */ = {isa = PBXBuildFile; fileRef = 4194C3AD28F11AB500C0FB06 /* Players.swift */; };
		4194C3B028F11BE600C0FB06 /* AuthManager.swift in Sources */ = {isa = PBXBuildFile; fileRef = 4194C3AF28F11BE600C0FB06 /* AuthManager.swift */; };
		41D73FEA28DE6E6A00B9BA75 /* LocalizableStrings.swift in Sources */ = {isa = PBXBuildFile; fileRef = 41D73FE928DE6E6A00B9BA75 /* LocalizableStrings.swift */; };
		41D73FED28DE6F1800B9BA75 /* Localizable.strings in Resources */ = {isa = PBXBuildFile; fileRef = 41D73FEF28DE6F1800B9BA75 /* Localizable.strings */; };
		41D73FF628DE711700B9BA75 /* LaunchScreen.storyboard in Resources */ = {isa = PBXBuildFile; fileRef = 41D73FF528DE711700B9BA75 /* LaunchScreen.storyboard */; };
		41E8747C28FB77AA00E07DD5 /* Pagination.swift in Sources */ = {isa = PBXBuildFile; fileRef = 41E8747B28FB77AA00E07DD5 /* Pagination.swift */; };
		41E8747E28FB78A700E07DD5 /* Collection+Extension.swift in Sources */ = {isa = PBXBuildFile; fileRef = 41E8747D28FB78A700E07DD5 /* Collection+Extension.swift */; };
		41E8748028FB78DD00E07DD5 /* Optional+Extension.swift in Sources */ = {isa = PBXBuildFile; fileRef = 41E8747F28FB78DD00E07DD5 /* Optional+Extension.swift */; };
/* End PBXBuildFile section */

/* Begin PBXFileReference section */
		4100B63628DE5893001328CC /* Configuration.swift */ = {isa = PBXFileReference; lastKnownFileType = sourcecode.swift; path = Configuration.swift; sourceTree = "<group>"; };
		4123CAB028DF3315009FF971 /* LinkView.swift */ = {isa = PBXFileReference; lastKnownFileType = sourcecode.swift; path = LinkView.swift; sourceTree = "<group>"; };
		4123CAB328DF4985009FF971 /* TeamsView.swift */ = {isa = PBXFileReference; lastKnownFileType = sourcecode.swift; path = TeamsView.swift; sourceTree = "<group>"; };
		4123CAB628DF4B31009FF971 /* PlayersView.swift */ = {isa = PBXFileReference; lastKnownFileType = sourcecode.swift; path = PlayersView.swift; sourceTree = "<group>"; };
		4137AAE028DDE22E00F0C59C /* NbaApp Dev.app */ = {isa = PBXFileReference; explicitFileType = wrapper.application; includeInIndex = 0; path = "NbaApp Dev.app"; sourceTree = BUILT_PRODUCTS_DIR; };
		4137AAE328DDE22E00F0C59C /* NbaApp.swift */ = {isa = PBXFileReference; lastKnownFileType = sourcecode.swift; path = NbaApp.swift; sourceTree = "<group>"; };
		4137AAE528DDE22E00F0C59C /* HomeView.swift */ = {isa = PBXFileReference; lastKnownFileType = sourcecode.swift; path = HomeView.swift; sourceTree = "<group>"; };
		4137AAE728DDE22F00F0C59C /* Assets.xcassets */ = {isa = PBXFileReference; lastKnownFileType = folder.assetcatalog; path = Assets.xcassets; sourceTree = "<group>"; };
		4187893328F1864000974AF5 /* Cache.swift */ = {isa = PBXFileReference; lastKnownFileType = sourcecode.swift; path = Cache.swift; sourceTree = "<group>"; };
		4187893528F1877500974AF5 /* TokenDTO.swift */ = {isa = PBXFileReference; lastKnownFileType = sourcecode.swift; path = TokenDTO.swift; sourceTree = "<group>"; };
		4187893728F1881000974AF5 /* Auth.swift */ = {isa = PBXFileReference; lastKnownFileType = sourcecode.swift; path = Auth.swift; sourceTree = "<group>"; };
		4187893A28F18A4E00974AF5 /* NoReplyDTO.swift */ = {isa = PBXFileReference; lastKnownFileType = sourcecode.swift; path = NoReplyDTO.swift; sourceTree = "<group>"; };
		4187893C28F18A9500974AF5 /* ErrorDTO.swift */ = {isa = PBXFileReference; lastKnownFileType = sourcecode.swift; path = ErrorDTO.swift; sourceTree = "<group>"; };
		4187893E28F18B1D00974AF5 /* UserDTO.swift */ = {isa = PBXFileReference; lastKnownFileType = sourcecode.swift; path = UserDTO.swift; sourceTree = "<group>"; };
		4187894028F18B3C00974AF5 /* User.swift */ = {isa = PBXFileReference; lastKnownFileType = sourcecode.swift; path = User.swift; sourceTree = "<group>"; };
		4187894428F1906C00974AF5 /* TeamsViewModel.swift */ = {isa = PBXFileReference; lastKnownFileType = sourcecode.swift; path = TeamsViewModel.swift; sourceTree = "<group>"; };
		4187894628F1967100974AF5 /* PlayersViewModel.swift */ = {isa = PBXFileReference; lastKnownFileType = sourcecode.swift; path = PlayersViewModel.swift; sourceTree = "<group>"; };
		4187894828F1AEA900974AF5 /* TeamDTO.swift */ = {isa = PBXFileReference; lastKnownFileType = sourcecode.swift; path = TeamDTO.swift; sourceTree = "<group>"; };
		4187894A28F1B02E00974AF5 /* Team.swift */ = {isa = PBXFileReference; lastKnownFileType = sourcecode.swift; path = Team.swift; sourceTree = "<group>"; };
		4187895028F1B7E600974AF5 /* Paginable.swift */ = {isa = PBXFileReference; lastKnownFileType = sourcecode.swift; path = Paginable.swift; sourceTree = "<group>"; };
		4191C59528F9CD6500E59875 /* GenericErrorView.swift */ = {isa = PBXFileReference; lastKnownFileType = sourcecode.swift; path = GenericErrorView.swift; sourceTree = "<group>"; };
		4191C59728F9CF4A00E59875 /* Color+Extension.swift */ = {isa = PBXFileReference; lastKnownFileType = sourcecode.swift; path = "Color+Extension.swift"; sourceTree = "<group>"; };
		4191C59D28FA11EC00E59875 /* Teams.json */ = {isa = PBXFileReference; fileEncoding = 4; lastKnownFileType = text.json; path = Teams.json; sourceTree = "<group>"; };
		4191C5A128FA232100E59875 /* Players.json */ = {isa = PBXFileReference; lastKnownFileType = text.json; path = Players.json; sourceTree = "<group>"; };
		4191C5A328FA234400E59875 /* PlayerDTO.swift */ = {isa = PBXFileReference; lastKnownFileType = sourcecode.swift; path = PlayerDTO.swift; sourceTree = "<group>"; };
		4191C5A528FA23BE00E59875 /* Player.swift */ = {isa = PBXFileReference; lastKnownFileType = sourcecode.swift; path = Player.swift; sourceTree = "<group>"; };
		4191C5C028FA541E00E59875 /* TeamCard.swift */ = {isa = PBXFileReference; lastKnownFileType = sourcecode.swift; path = TeamCard.swift; sourceTree = "<group>"; };
		4194C39828F0E95B00C0FB06 /* LoadingView.swift */ = {isa = PBXFileReference; lastKnownFileType = sourcecode.swift; path = LoadingView.swift; sourceTree = "<group>"; };
		4194C39A28F0EFA400C0FB06 /* LottieView.swift */ = {isa = PBXFileReference; lastKnownFileType = sourcecode.swift; path = LottieView.swift; sourceTree = "<group>"; };
		4194C39C28F0F05100C0FB06 /* Loader.json */ = {isa = PBXFileReference; fileEncoding = 4; lastKnownFileType = text.json; path = Loader.json; sourceTree = "<group>"; };
		4194C3A028F0F7D500C0FB06 /* View+Extension.swift */ = {isa = PBXFileReference; lastKnownFileType = sourcecode.swift; path = "View+Extension.swift"; sourceTree = "<group>"; };
		4194C3A228F1093E00C0FB06 /* UINavigationController+Extension.swift */ = {isa = PBXFileReference; lastKnownFileType = sourcecode.swift; path = "UINavigationController+Extension.swift"; sourceTree = "<group>"; };
		4194C3A428F117C500C0FB06 /* Endpoint.swift */ = {isa = PBXFileReference; lastKnownFileType = sourcecode.swift; path = Endpoint.swift; sourceTree = "<group>"; };
		4194C3A728F1187100C0FB06 /* Log.swift */ = {isa = PBXFileReference; lastKnownFileType = sourcecode.swift; path = Log.swift; sourceTree = "<group>"; };
		4194C3A928F118B000C0FB06 /* Network.swift */ = {isa = PBXFileReference; lastKnownFileType = sourcecode.swift; path = Network.swift; sourceTree = "<group>"; };
		4194C3AB28F11A0B00C0FB06 /* Teams.swift */ = {isa = PBXFileReference; lastKnownFileType = sourcecode.swift; path = Teams.swift; sourceTree = "<group>"; };
		4194C3AD28F11AB500C0FB06 /* Players.swift */ = {isa = PBXFileReference; lastKnownFileType = sourcecode.swift; path = Players.swift; sourceTree = "<group>"; };
		4194C3AF28F11BE600C0FB06 /* AuthManager.swift */ = {isa = PBXFileReference; lastKnownFileType = sourcecode.swift; path = AuthManager.swift; sourceTree = "<group>"; };
		41D73FE928DE6E6A00B9BA75 /* LocalizableStrings.swift */ = {isa = PBXFileReference; lastKnownFileType = sourcecode.swift; path = LocalizableStrings.swift; sourceTree = "<group>"; };
		41D73FEE28DE6F1800B9BA75 /* en */ = {isa = PBXFileReference; lastKnownFileType = text.plist.strings; name = en; path = en.lproj/Localizable.strings; sourceTree = "<group>"; };
		41D73FF228DE6FB000B9BA75 /* es */ = {isa = PBXFileReference; lastKnownFileType = text.plist.strings; name = es; path = es.lproj/Localizable.strings; sourceTree = "<group>"; };
		41D73FF528DE711700B9BA75 /* LaunchScreen.storyboard */ = {isa = PBXFileReference; lastKnownFileType = file.storyboard; path = LaunchScreen.storyboard; sourceTree = "<group>"; };
		41E8747B28FB77AA00E07DD5 /* Pagination.swift */ = {isa = PBXFileReference; lastKnownFileType = sourcecode.swift; path = Pagination.swift; sourceTree = "<group>"; };
		41E8747D28FB78A700E07DD5 /* Collection+Extension.swift */ = {isa = PBXFileReference; lastKnownFileType = sourcecode.swift; path = "Collection+Extension.swift"; sourceTree = "<group>"; };
		41E8747F28FB78DD00E07DD5 /* Optional+Extension.swift */ = {isa = PBXFileReference; lastKnownFileType = sourcecode.swift; path = "Optional+Extension.swift"; sourceTree = "<group>"; };
/* End PBXFileReference section */

/* Begin PBXFrameworksBuildPhase section */
		4137AADD28DDE22E00F0C59C /* Frameworks */ = {
			isa = PBXFrameworksBuildPhase;
			buildActionMask = 2147483647;
			files = (
				415B544128DE140000A336A3 /* IQKeyboardManagerSwift in Frameworks */,
				410CD25328E341A60004CD94 /* Lottie in Frameworks */,
			);
			runOnlyForDeploymentPostprocessing = 0;
		};
/* End PBXFrameworksBuildPhase section */

/* Begin PBXGroup section */
		4123CA8728DF2318009FF971 /* Localizables */ = {
			isa = PBXGroup;
			children = (
				41D73FEF28DE6F1800B9BA75 /* Localizable.strings */,
				41D73FE928DE6E6A00B9BA75 /* LocalizableStrings.swift */,
			);
			path = Localizables;
			sourceTree = "<group>";
		};
		4123CAAC28DF2CCC009FF971 /* Utils */ = {
			isa = PBXGroup;
			children = (
				4187893328F1864000974AF5 /* Cache.swift */,
				4191C59728F9CF4A00E59875 /* Color+Extension.swift */,
				4194C3A728F1187100C0FB06 /* Log.swift */,
				4194C39A28F0EFA400C0FB06 /* LottieView.swift */,
				4194C3A228F1093E00C0FB06 /* UINavigationController+Extension.swift */,
				4194C3A028F0F7D500C0FB06 /* View+Extension.swift */,
				41E8747D28FB78A700E07DD5 /* Collection+Extension.swift */,
				41E8747F28FB78DD00E07DD5 /* Optional+Extension.swift */,
			);
			path = Utils;
			sourceTree = "<group>";
		};
		4123CAAF28DF32E5009FF971 /* Views */ = {
			isa = PBXGroup;
			children = (
				4191C59528F9CD6500E59875 /* GenericErrorView.swift */,
				4194C39828F0E95B00C0FB06 /* LoadingView.swift */,
				4123CAB028DF3315009FF971 /* LinkView.swift */,
				4191C5C028FA541E00E59875 /* TeamCard.swift */,
			);
			path = Views;
			sourceTree = "<group>";
		};
		4123CAB228DF494A009FF971 /* Teams */ = {
			isa = PBXGroup;
			children = (
				4123CAB328DF4985009FF971 /* TeamsView.swift */,
				4187894428F1906C00974AF5 /* TeamsViewModel.swift */,
			);
			path = Teams;
			sourceTree = "<group>";
		};
		4123CAB528DF4B24009FF971 /* Players */ = {
			isa = PBXGroup;
			children = (
				4123CAB628DF4B31009FF971 /* PlayersView.swift */,
				4187894628F1967100974AF5 /* PlayersViewModel.swift */,
			);
			path = Players;
			sourceTree = "<group>";
		};
		4137AAD728DDE22E00F0C59C = {
			isa = PBXGroup;
			children = (
				4137AAE228DDE22E00F0C59C /* NbaApp */,
				4137AAE128DDE22E00F0C59C /* Products */,
			);
			sourceTree = "<group>";
		};
		4137AAE128DDE22E00F0C59C /* Products */ = {
			isa = PBXGroup;
			children = (
				4137AAE028DDE22E00F0C59C /* NbaApp Dev.app */,
			);
			name = Products;
			sourceTree = "<group>";
		};
		4137AAE228DDE22E00F0C59C /* NbaApp */ = {
			isa = PBXGroup;
			children = (
				41B4CAF428DE540300ACAE57 /* Configuration */,
				41D73FE728DE6DBD00B9BA75 /* NbaApp */,
			);
			path = NbaApp;
			sourceTree = "<group>";
		};
		4187893928F1898900974AF5 /* Basics */ = {
			isa = PBXGroup;
			children = (
				4137AAE328DDE22E00F0C59C /* NbaApp.swift */,
				41D73FF528DE711700B9BA75 /* LaunchScreen.storyboard */,
			);
			path = Basics;
			sourceTree = "<group>";
		};
		4187894C28F1B16100974AF5 /* Endpoints */ = {
			isa = PBXGroup;
			children = (
				4187893728F1881000974AF5 /* Auth.swift */,
				4194C3AD28F11AB500C0FB06 /* Players.swift */,
				4194C3AB28F11A0B00C0FB06 /* Teams.swift */,
			);
			path = Endpoints;
			sourceTree = "<group>";
		};
		4187894F28F1B79400974AF5 /* Basics */ = {
			isa = PBXGroup;
			children = (
				4187893C28F18A9500974AF5 /* ErrorDTO.swift */,
				4187893A28F18A4E00974AF5 /* NoReplyDTO.swift */,
				4187893528F1877500974AF5 /* TokenDTO.swift */,
				4187895028F1B7E600974AF5 /* Paginable.swift */,
			);
			path = Basics;
			sourceTree = "<group>";
		};
		4191C59928F9DEFE00E59875 /* Lotties */ = {
			isa = PBXGroup;
			children = (
				4194C39C28F0F05100C0FB06 /* Loader.json */,
			);
			path = Lotties;
			sourceTree = "<group>";
		};
		4191C59C28FA11CE00E59875 /* Mocks */ = {
			isa = PBXGroup;
			children = (
				4191C59D28FA11EC00E59875 /* Teams.json */,
				4191C5A128FA232100E59875 /* Players.json */,
			);
			path = Mocks;
			sourceTree = "<group>";
		};
		4194C3A628F1186200C0FB06 /* Network */ = {
			isa = PBXGroup;
			children = (
				4194C3AF28F11BE600C0FB06 /* AuthManager.swift */,
				4194C3A428F117C500C0FB06 /* Endpoint.swift */,
				4194C3A928F118B000C0FB06 /* Network.swift */,
				41E8747B28FB77AA00E07DD5 /* Pagination.swift */,
			);
			path = Network;
			sourceTree = "<group>";
		};
		41B4CAF428DE540300ACAE57 /* Configuration */ = {
			isa = PBXGroup;
			children = (
				4100B63628DE5893001328CC /* Configuration.swift */,
			);
			path = Configuration;
			sourceTree = "<group>";
		};
		41D73FE728DE6DBD00B9BA75 /* NbaApp */ = {
			isa = PBXGroup;
			children = (
				41D73FFA28DE739A00B9BA75 /* API */,
				41D73FF728DE735300B9BA75 /* Data */,
				41D73FF328DE6FF500B9BA75 /* Presentation */,
				41D73FE828DE6E4400B9BA75 /* Resources */,
			);
			path = NbaApp;
			sourceTree = "<group>";
		};
		41D73FE828DE6E4400B9BA75 /* Resources */ = {
			isa = PBXGroup;
			children = (
				4137AAE728DDE22F00F0C59C /* Assets.xcassets */,
				4123CA8728DF2318009FF971 /* Localizables */,
				4191C59928F9DEFE00E59875 /* Lotties */,
			);
			path = Resources;
			sourceTree = "<group>";
		};
		41D73FF028DE6F6800B9BA75 /* App */ = {
			isa = PBXGroup;
			children = (
				4187893928F1898900974AF5 /* Basics */,
				4123CAAC28DF2CCC009FF971 /* Utils */,
			);
			path = App;
			sourceTree = "<group>";
		};
		41D73FF128DE6F7400B9BA75 /* Modules */ = {
			isa = PBXGroup;
			children = (
				41D73FFB28DE73D800B9BA75 /* Home */,
				4123CAB228DF494A009FF971 /* Teams */,
				4123CAB528DF4B24009FF971 /* Players */,
			);
			path = Modules;
			sourceTree = "<group>";
		};
		41D73FF328DE6FF500B9BA75 /* Presentation */ = {
			isa = PBXGroup;
			children = (
				41D73FF028DE6F6800B9BA75 /* App */,
				4123CAAF28DF32E5009FF971 /* Views */,
				41D73FF128DE6F7400B9BA75 /* Modules */,
			);
			path = Presentation;
			sourceTree = "<group>";
		};
		41D73FF728DE735300B9BA75 /* Data */ = {
			isa = PBXGroup;
			children = (
				41D73FF828DE736200B9BA75 /* DTOs */,
				41D73FF928DE736F00B9BA75 /* Models */,
			);
			path = Data;
			sourceTree = "<group>";
		};
		41D73FF828DE736200B9BA75 /* DTOs */ = {
			isa = PBXGroup;
			children = (
				4187894F28F1B79400974AF5 /* Basics */,
				4187893E28F18B1D00974AF5 /* UserDTO.swift */,
				4187894828F1AEA900974AF5 /* TeamDTO.swift */,
				4191C5A328FA234400E59875 /* PlayerDTO.swift */,
			);
			path = DTOs;
			sourceTree = "<group>";
		};
		41D73FF928DE736F00B9BA75 /* Models */ = {
			isa = PBXGroup;
			children = (
				4187894028F18B3C00974AF5 /* User.swift */,
				4187894A28F1B02E00974AF5 /* Team.swift */,
				4191C5A528FA23BE00E59875 /* Player.swift */,
			);
			path = Models;
			sourceTree = "<group>";
		};
		41D73FFA28DE739A00B9BA75 /* API */ = {
			isa = PBXGroup;
			children = (
				4187894C28F1B16100974AF5 /* Endpoints */,
				4194C3A628F1186200C0FB06 /* Network */,
				4191C59C28FA11CE00E59875 /* Mocks */,
			);
			path = API;
			sourceTree = "<group>";
		};
		41D73FFB28DE73D800B9BA75 /* Home */ = {
			isa = PBXGroup;
			children = (
				4137AAE528DDE22E00F0C59C /* HomeView.swift */,
			);
			path = Home;
			sourceTree = "<group>";
		};
/* End PBXGroup section */

/* Begin PBXNativeTarget section */
		4137AADF28DDE22E00F0C59C /* NbaApp */ = {
			isa = PBXNativeTarget;
			buildConfigurationList = 4137AAEE28DDE22F00F0C59C /* Build configuration list for PBXNativeTarget "NbaApp" */;
			buildPhases = (
				4137AADC28DDE22E00F0C59C /* Sources */,
				4137AADD28DDE22E00F0C59C /* Frameworks */,
				4137AADE28DDE22E00F0C59C /* Resources */,
			);
			buildRules = (
			);
			dependencies = (
			);
			name = NbaApp;
			packageProductDependencies = (
				415B544028DE140000A336A3 /* IQKeyboardManagerSwift */,
				410CD25228E341A60004CD94 /* Lottie */,
			);
			productName = NbaApp;
			productReference = 4137AAE028DDE22E00F0C59C /* NbaApp Dev.app */;
			productType = "com.apple.product-type.application";
		};
/* End PBXNativeTarget section */

/* Begin PBXProject section */
		4137AAD828DDE22E00F0C59C /* Project object */ = {
			isa = PBXProject;
			attributes = {
				BuildIndependentTargetsInParallel = NO;
				LastSwiftUpdateCheck = 1340;
				LastUpgradeCheck = 1340;
				TargetAttributes = {
					4137AADF28DDE22E00F0C59C = {
						CreatedOnToolsVersion = 13.4.1;
					};
				};
			};
			buildConfigurationList = 4137AADB28DDE22E00F0C59C /* Build configuration list for PBXProject "NbaApp" */;
			compatibilityVersion = "Xcode 13.0";
			developmentRegion = en;
			hasScannedForEncodings = 0;
			knownRegions = (
				en,
				Base,
				es,
			);
			mainGroup = 4137AAD728DDE22E00F0C59C;
			packageReferences = (
				415B543F28DE140000A336A3 /* XCRemoteSwiftPackageReference "IQKeyboardManager" */,
				410CD25128E341A60004CD94 /* XCRemoteSwiftPackageReference "lottie-ios" */,
			);
			productRefGroup = 4137AAE128DDE22E00F0C59C /* Products */;
			projectDirPath = "";
			projectRoot = "";
			targets = (
				4137AADF28DDE22E00F0C59C /* NbaApp */,
			);
		};
/* End PBXProject section */

/* Begin PBXResourcesBuildPhase section */
		4137AADE28DDE22E00F0C59C /* Resources */ = {
			isa = PBXResourcesBuildPhase;
			buildActionMask = 2147483647;
			files = (
				41D73FF628DE711700B9BA75 /* LaunchScreen.storyboard in Resources */,
				4137AAE828DDE22F00F0C59C /* Assets.xcassets in Resources */,
				4191C5A228FA232100E59875 /* Players.json in Resources */,
				4194C39D28F0F05100C0FB06 /* Loader.json in Resources */,
				4191C59E28FA11EC00E59875 /* Teams.json in Resources */,
				41D73FED28DE6F1800B9BA75 /* Localizable.strings in Resources */,
			);
			runOnlyForDeploymentPostprocessing = 0;
		};
/* End PBXResourcesBuildPhase section */

/* Begin PBXSourcesBuildPhase section */
		4137AADC28DDE22E00F0C59C /* Sources */ = {
			isa = PBXSourcesBuildPhase;
			buildActionMask = 2147483647;
			files = (
				4191C5A428FA234400E59875 /* PlayerDTO.swift in Sources */,
				4191C59628F9CD6500E59875 /* GenericErrorView.swift in Sources */,
				4100B63728DE5893001328CC /* Configuration.swift in Sources */,
				4123CAAB28DF2AE2009FF971 /* HomeView.swift in Sources */,
				4187894B28F1B02E00974AF5 /* Team.swift in Sources */,
				4187894928F1AEA900974AF5 /* TeamDTO.swift in Sources */,
				4194C3A828F1187100C0FB06 /* Log.swift in Sources */,
				4187894728F1967100974AF5 /* PlayersViewModel.swift in Sources */,
				4194C3A328F1093E00C0FB06 /* UINavigationController+Extension.swift in Sources */,
				4187894528F1906C00974AF5 /* TeamsViewModel.swift in Sources */,
				4194C3A128F0F7D500C0FB06 /* View+Extension.swift in Sources */,
				4194C39B28F0EFA400C0FB06 /* LottieView.swift in Sources */,
				4194C3AC28F11A0B00C0FB06 /* Teams.swift in Sources */,
				4194C3B028F11BE600C0FB06 /* AuthManager.swift in Sources */,
				4187893D28F18A9500974AF5 /* ErrorDTO.swift in Sources */,
				4137AAE428DDE22E00F0C59C /* NbaApp.swift in Sources */,
				4187893B28F18A4E00974AF5 /* NoReplyDTO.swift in Sources */,
				41E8747C28FB77AA00E07DD5 /* Pagination.swift in Sources */,
				4194C3AE28F11AB500C0FB06 /* Players.swift in Sources */,
				4187893428F1864000974AF5 /* Cache.swift in Sources */,
				4187893628F1877500974AF5 /* TokenDTO.swift in Sources */,
				4123CAB728DF4B31009FF971 /* PlayersView.swift in Sources */,
				4123CAB428DF4985009FF971 /* TeamsView.swift in Sources */,
				4194C39928F0E95B00C0FB06 /* LoadingView.swift in Sources */,
				4191C59828F9CF4A00E59875 /* Color+Extension.swift in Sources */,
				41E8747E28FB78A700E07DD5 /* Collection+Extension.swift in Sources */,
				4187893828F1881000974AF5 /* Auth.swift in Sources */,
				4187893F28F18B1D00974AF5 /* UserDTO.swift in Sources */,
				41D73FEA28DE6E6A00B9BA75 /* LocalizableStrings.swift in Sources */,
				4187894128F18B3C00974AF5 /* User.swift in Sources */,
				4191C5C128FA541E00E59875 /* TeamCard.swift in Sources */,
				4194C3A528F117C500C0FB06 /* Endpoint.swift in Sources */,
				4194C3AA28F118B000C0FB06 /* Network.swift in Sources */,
				4123CAB128DF3315009FF971 /* LinkView.swift in Sources */,
				4191C5A628FA23BE00E59875 /* Player.swift in Sources */,
				4187895128F1B7E600974AF5 /* Paginable.swift in Sources */,
				41E8748028FB78DD00E07DD5 /* Optional+Extension.swift in Sources */,
			);
			runOnlyForDeploymentPostprocessing = 0;
		};
/* End PBXSourcesBuildPhase section */

/* Begin PBXVariantGroup section */
		41D73FEF28DE6F1800B9BA75 /* Localizable.strings */ = {
			isa = PBXVariantGroup;
			children = (
				41D73FEE28DE6F1800B9BA75 /* en */,
				41D73FF228DE6FB000B9BA75 /* es */,
			);
			name = Localizable.strings;
			sourceTree = "<group>";
		};
/* End PBXVariantGroup section */

/* Begin XCBuildConfiguration section */
		4137AAEC28DDE22F00F0C59C /* Develop */ = {
			isa = XCBuildConfiguration;
			buildSettings = {
				ALWAYS_SEARCH_USER_PATHS = NO;
				CLANG_ANALYZER_LOCALIZABILITY_NONLOCALIZED = YES;
				CLANG_ANALYZER_NONNULL = YES;
				CLANG_ANALYZER_NUMBER_OBJECT_CONVERSION = YES_AGGRESSIVE;
				CLANG_CXX_LANGUAGE_STANDARD = "gnu++17";
				CLANG_ENABLE_MODULES = YES;
				CLANG_ENABLE_OBJC_ARC = YES;
				CLANG_ENABLE_OBJC_WEAK = YES;
				CLANG_WARN_BLOCK_CAPTURE_AUTORELEASING = YES;
				CLANG_WARN_BOOL_CONVERSION = YES;
				CLANG_WARN_COMMA = YES;
				CLANG_WARN_CONSTANT_CONVERSION = YES;
				CLANG_WARN_DEPRECATED_OBJC_IMPLEMENTATIONS = YES;
				CLANG_WARN_DIRECT_OBJC_ISA_USAGE = YES_ERROR;
				CLANG_WARN_DOCUMENTATION_COMMENTS = YES;
				CLANG_WARN_EMPTY_BODY = YES;
				CLANG_WARN_ENUM_CONVERSION = YES;
				CLANG_WARN_INFINITE_RECURSION = YES;
				CLANG_WARN_INT_CONVERSION = YES;
				CLANG_WARN_NON_LITERAL_NULL_CONVERSION = YES;
				CLANG_WARN_OBJC_IMPLICIT_RETAIN_SELF = YES;
				CLANG_WARN_OBJC_LITERAL_CONVERSION = YES;
				CLANG_WARN_OBJC_ROOT_CLASS = YES_ERROR;
				CLANG_WARN_QUOTED_INCLUDE_IN_FRAMEWORK_HEADER = YES;
				CLANG_WARN_RANGE_LOOP_ANALYSIS = YES;
				CLANG_WARN_STRICT_PROTOTYPES = YES;
				CLANG_WARN_SUSPICIOUS_MOVE = YES;
				CLANG_WARN_UNGUARDED_AVAILABILITY = YES_AGGRESSIVE;
				CLANG_WARN_UNREACHABLE_CODE = YES;
				CLANG_WARN__DUPLICATE_METHOD_MATCH = YES;
				COPY_PHASE_STRIP = NO;
				DEBUG_INFORMATION_FORMAT = dwarf;
				ENABLE_STRICT_OBJC_MSGSEND = YES;
				ENABLE_TESTABILITY = YES;
				GCC_C_LANGUAGE_STANDARD = gnu11;
				GCC_DYNAMIC_NO_PIC = NO;
				GCC_NO_COMMON_BLOCKS = YES;
				GCC_OPTIMIZATION_LEVEL = 0;
				GCC_PREPROCESSOR_DEFINITIONS = (
					"DEBUG=1",
					"$(inherited)",
				);
				GCC_WARN_64_TO_32_BIT_CONVERSION = YES;
				GCC_WARN_ABOUT_RETURN_TYPE = YES_ERROR;
				GCC_WARN_UNDECLARED_SELECTOR = YES;
				GCC_WARN_UNINITIALIZED_AUTOS = YES_AGGRESSIVE;
				GCC_WARN_UNUSED_FUNCTION = YES;
				GCC_WARN_UNUSED_VARIABLE = YES;
				IPHONEOS_DEPLOYMENT_TARGET = 16.0;
				MTL_ENABLE_DEBUG_INFO = INCLUDE_SOURCE;
				MTL_FAST_MATH = YES;
				ONLY_ACTIVE_ARCH = YES;
				PRODUCT_MODULE_NAME = "";
				SDKROOT = iphoneos;
				SWIFT_ACTIVE_COMPILATION_CONDITIONS = DEBUG;
				SWIFT_OPTIMIZATION_LEVEL = "-Onone";
			};
			name = Develop;
		};
		4137AAED28DDE22F00F0C59C /* Production */ = {
			isa = XCBuildConfiguration;
			buildSettings = {
				ALWAYS_SEARCH_USER_PATHS = NO;
				CLANG_ANALYZER_LOCALIZABILITY_NONLOCALIZED = YES;
				CLANG_ANALYZER_NONNULL = YES;
				CLANG_ANALYZER_NUMBER_OBJECT_CONVERSION = YES_AGGRESSIVE;
				CLANG_CXX_LANGUAGE_STANDARD = "gnu++17";
				CLANG_ENABLE_MODULES = YES;
				CLANG_ENABLE_OBJC_ARC = YES;
				CLANG_ENABLE_OBJC_WEAK = YES;
				CLANG_WARN_BLOCK_CAPTURE_AUTORELEASING = YES;
				CLANG_WARN_BOOL_CONVERSION = YES;
				CLANG_WARN_COMMA = YES;
				CLANG_WARN_CONSTANT_CONVERSION = YES;
				CLANG_WARN_DEPRECATED_OBJC_IMPLEMENTATIONS = YES;
				CLANG_WARN_DIRECT_OBJC_ISA_USAGE = YES_ERROR;
				CLANG_WARN_DOCUMENTATION_COMMENTS = YES;
				CLANG_WARN_EMPTY_BODY = YES;
				CLANG_WARN_ENUM_CONVERSION = YES;
				CLANG_WARN_INFINITE_RECURSION = YES;
				CLANG_WARN_INT_CONVERSION = YES;
				CLANG_WARN_NON_LITERAL_NULL_CONVERSION = YES;
				CLANG_WARN_OBJC_IMPLICIT_RETAIN_SELF = YES;
				CLANG_WARN_OBJC_LITERAL_CONVERSION = YES;
				CLANG_WARN_OBJC_ROOT_CLASS = YES_ERROR;
				CLANG_WARN_QUOTED_INCLUDE_IN_FRAMEWORK_HEADER = YES;
				CLANG_WARN_RANGE_LOOP_ANALYSIS = YES;
				CLANG_WARN_STRICT_PROTOTYPES = YES;
				CLANG_WARN_SUSPICIOUS_MOVE = YES;
				CLANG_WARN_UNGUARDED_AVAILABILITY = YES_AGGRESSIVE;
				CLANG_WARN_UNREACHABLE_CODE = YES;
				CLANG_WARN__DUPLICATE_METHOD_MATCH = YES;
				COPY_PHASE_STRIP = NO;
				DEBUG_INFORMATION_FORMAT = "dwarf-with-dsym";
				ENABLE_NS_ASSERTIONS = NO;
				ENABLE_STRICT_OBJC_MSGSEND = YES;
				GCC_C_LANGUAGE_STANDARD = gnu11;
				GCC_NO_COMMON_BLOCKS = YES;
				GCC_WARN_64_TO_32_BIT_CONVERSION = YES;
				GCC_WARN_ABOUT_RETURN_TYPE = YES_ERROR;
				GCC_WARN_UNDECLARED_SELECTOR = YES;
				GCC_WARN_UNINITIALIZED_AUTOS = YES_AGGRESSIVE;
				GCC_WARN_UNUSED_FUNCTION = YES;
				GCC_WARN_UNUSED_VARIABLE = YES;
				IPHONEOS_DEPLOYMENT_TARGET = 16.0;
				MTL_ENABLE_DEBUG_INFO = NO;
				MTL_FAST_MATH = YES;
				PRODUCT_MODULE_NAME = "";
				SDKROOT = iphoneos;
				SWIFT_COMPILATION_MODE = wholemodule;
				SWIFT_OPTIMIZATION_LEVEL = "-O";
				VALIDATE_PRODUCT = YES;
			};
			name = Production;
		};
		4137AAEF28DDE22F00F0C59C /* Develop */ = {
			isa = XCBuildConfiguration;
			buildSettings = {
				ASSETCATALOG_COMPILER_APPICON_NAME = AppIcon;
				ASSETCATALOG_COMPILER_GLOBAL_ACCENT_COLOR_NAME = AccentColor;
				CODE_SIGN_STYLE = Automatic;
				CURRENT_PROJECT_VERSION = 1;
				DEVELOPMENT_ASSET_PATHS = "\"NbaApp\"";
				DEVELOPMENT_TEAM = FTAKQJ3877;
				ENABLE_PREVIEWS = YES;
				GENERATE_INFOPLIST_FILE = YES;
				INFOPLIST_FILE = NbaApp/Info.plist;
				INFOPLIST_KEY_CFBundleDisplayName = "NbaApp Dev";
				INFOPLIST_KEY_LSApplicationCategoryType = "public.app-category.sports";
				INFOPLIST_KEY_UIApplicationSceneManifest_Generation = YES;
				INFOPLIST_KEY_UIApplicationSupportsIndirectInputEvents = YES;
				INFOPLIST_KEY_UILaunchScreen_Generation = YES;
				INFOPLIST_KEY_UILaunchStoryboardName = LaunchScreen.storyboard;
				INFOPLIST_KEY_UISupportedInterfaceOrientations = UIInterfaceOrientationPortrait;
				INFOPLIST_KEY_UISupportedInterfaceOrientations_iPhone = UIInterfaceOrientationPortrait;
				INFOPLIST_KEY_UIUserInterfaceStyle = Light;
				IPHONEOS_DEPLOYMENT_TARGET = 16.0;
				LD_RUNPATH_SEARCH_PATHS = (
					"$(inherited)",
					"@executable_path/Frameworks",
				);
				MARKETING_VERSION = 1.0;
				PRODUCT_BUNDLE_IDENTIFIER = com.miguelferrerfornali.nbaapp.demo;
				PRODUCT_MODULE_NAME = NbaApp;
				PRODUCT_NAME = "$(TARGET_NAME) Dev";
				SUPPORTED_PLATFORMS = "iphoneos iphonesimulator";
				SUPPORTS_MACCATALYST = NO;
				SUPPORTS_MAC_DESIGNED_FOR_IPHONE_IPAD = NO;
				SWIFT_ACTIVE_COMPILATION_CONDITIONS = Develop;
				SWIFT_EMIT_LOC_STRINGS = YES;
				SWIFT_INCLUDE_PATHS = "";
				SWIFT_VERSION = 5.0;
				TARGETED_DEVICE_FAMILY = 1;
			};
			name = Develop;
		};
		4137AAF028DDE22F00F0C59C /* Production */ = {
			isa = XCBuildConfiguration;
			buildSettings = {
				ASSETCATALOG_COMPILER_APPICON_NAME = AppIcon;
				ASSETCATALOG_COMPILER_GLOBAL_ACCENT_COLOR_NAME = AccentColor;
				CODE_SIGN_STYLE = Automatic;
				CURRENT_PROJECT_VERSION = 1;
				DEVELOPMENT_ASSET_PATHS = "\"NbaApp\"";
				DEVELOPMENT_TEAM = FTAKQJ3877;
				ENABLE_PREVIEWS = YES;
				GENERATE_INFOPLIST_FILE = YES;
				INFOPLIST_FILE = NbaApp/Info.plist;
				INFOPLIST_KEY_CFBundleDisplayName = NbaApp;
				INFOPLIST_KEY_LSApplicationCategoryType = "public.app-category.sports";
				INFOPLIST_KEY_UIApplicationSceneManifest_Generation = YES;
				INFOPLIST_KEY_UIApplicationSupportsIndirectInputEvents = YES;
				INFOPLIST_KEY_UILaunchScreen_Generation = YES;
				INFOPLIST_KEY_UILaunchStoryboardName = LaunchScreen.storyboard;
				INFOPLIST_KEY_UISupportedInterfaceOrientations = UIInterfaceOrientationPortrait;
				INFOPLIST_KEY_UISupportedInterfaceOrientations_iPhone = UIInterfaceOrientationPortrait;
				INFOPLIST_KEY_UIUserInterfaceStyle = Light;
				IPHONEOS_DEPLOYMENT_TARGET = 16.0;
				LD_RUNPATH_SEARCH_PATHS = (
					"$(inherited)",
					"@executable_path/Frameworks",
				);
				MARKETING_VERSION = 1.0;
				PRODUCT_BUNDLE_IDENTIFIER = com.miguelferrerfornali.nbaapp;
				PRODUCT_MODULE_NAME = NbaApp;
				PRODUCT_NAME = "$(TARGET_NAME)";
				SUPPORTED_PLATFORMS = "iphoneos iphonesimulator";
				SUPPORTS_MACCATALYST = NO;
				SUPPORTS_MAC_DESIGNED_FOR_IPHONE_IPAD = NO;
				SWIFT_ACTIVE_COMPILATION_CONDITIONS = Production;
				SWIFT_EMIT_LOC_STRINGS = YES;
				SWIFT_INCLUDE_PATHS = "";
				SWIFT_OPTIMIZATION_LEVEL = "-Onone";
				SWIFT_VERSION = 5.0;
				TARGETED_DEVICE_FAMILY = 1;
			};
			name = Production;
		};
		4191C59A28F9E78300E59875 /* Demo */ = {
			isa = XCBuildConfiguration;
			buildSettings = {
				ALWAYS_SEARCH_USER_PATHS = NO;
				CLANG_ANALYZER_LOCALIZABILITY_NONLOCALIZED = YES;
				CLANG_ANALYZER_NONNULL = YES;
				CLANG_ANALYZER_NUMBER_OBJECT_CONVERSION = YES_AGGRESSIVE;
				CLANG_CXX_LANGUAGE_STANDARD = "gnu++17";
				CLANG_ENABLE_MODULES = YES;
				CLANG_ENABLE_OBJC_ARC = YES;
				CLANG_ENABLE_OBJC_WEAK = YES;
				CLANG_WARN_BLOCK_CAPTURE_AUTORELEASING = YES;
				CLANG_WARN_BOOL_CONVERSION = YES;
				CLANG_WARN_COMMA = YES;
				CLANG_WARN_CONSTANT_CONVERSION = YES;
				CLANG_WARN_DEPRECATED_OBJC_IMPLEMENTATIONS = YES;
				CLANG_WARN_DIRECT_OBJC_ISA_USAGE = YES_ERROR;
				CLANG_WARN_DOCUMENTATION_COMMENTS = YES;
				CLANG_WARN_EMPTY_BODY = YES;
				CLANG_WARN_ENUM_CONVERSION = YES;
				CLANG_WARN_INFINITE_RECURSION = YES;
				CLANG_WARN_INT_CONVERSION = YES;
				CLANG_WARN_NON_LITERAL_NULL_CONVERSION = YES;
				CLANG_WARN_OBJC_IMPLICIT_RETAIN_SELF = YES;
				CLANG_WARN_OBJC_LITERAL_CONVERSION = YES;
				CLANG_WARN_OBJC_ROOT_CLASS = YES_ERROR;
				CLANG_WARN_QUOTED_INCLUDE_IN_FRAMEWORK_HEADER = YES;
				CLANG_WARN_RANGE_LOOP_ANALYSIS = YES;
				CLANG_WARN_STRICT_PROTOTYPES = YES;
				CLANG_WARN_SUSPICIOUS_MOVE = YES;
				CLANG_WARN_UNGUARDED_AVAILABILITY = YES_AGGRESSIVE;
				CLANG_WARN_UNREACHABLE_CODE = YES;
				CLANG_WARN__DUPLICATE_METHOD_MATCH = YES;
				COPY_PHASE_STRIP = NO;
				DEBUG_INFORMATION_FORMAT = dwarf;
				ENABLE_STRICT_OBJC_MSGSEND = YES;
				ENABLE_TESTABILITY = YES;
				GCC_C_LANGUAGE_STANDARD = gnu11;
				GCC_DYNAMIC_NO_PIC = NO;
				GCC_NO_COMMON_BLOCKS = YES;
				GCC_OPTIMIZATION_LEVEL = 0;
				GCC_PREPROCESSOR_DEFINITIONS = (
					"DEBUG=1",
					"$(inherited)",
				);
				GCC_WARN_64_TO_32_BIT_CONVERSION = YES;
				GCC_WARN_ABOUT_RETURN_TYPE = YES_ERROR;
				GCC_WARN_UNDECLARED_SELECTOR = YES;
				GCC_WARN_UNINITIALIZED_AUTOS = YES_AGGRESSIVE;
				GCC_WARN_UNUSED_FUNCTION = YES;
				GCC_WARN_UNUSED_VARIABLE = YES;
				IPHONEOS_DEPLOYMENT_TARGET = 16.0;
				MTL_ENABLE_DEBUG_INFO = INCLUDE_SOURCE;
				MTL_FAST_MATH = YES;
				ONLY_ACTIVE_ARCH = YES;
				PRODUCT_MODULE_NAME = "";
				SDKROOT = iphoneos;
				SWIFT_ACTIVE_COMPILATION_CONDITIONS = DEBUG;
				SWIFT_OPTIMIZATION_LEVEL = "-Onone";
			};
			name = Demo;
		};
		4191C59B28F9E78300E59875 /* Demo */ = {
			isa = XCBuildConfiguration;
			buildSettings = {
				ASSETCATALOG_COMPILER_APPICON_NAME = AppIcon;
				ASSETCATALOG_COMPILER_GLOBAL_ACCENT_COLOR_NAME = AccentColor;
				CODE_SIGN_STYLE = Automatic;
				CURRENT_PROJECT_VERSION = 1;
				DEVELOPMENT_ASSET_PATHS = "\"NbaApp\"";
				DEVELOPMENT_TEAM = FTAKQJ3877;
				ENABLE_PREVIEWS = YES;
				GENERATE_INFOPLIST_FILE = YES;
				INFOPLIST_FILE = NbaApp/Info.plist;
				INFOPLIST_KEY_CFBundleDisplayName = "NbaApp Demo";
				INFOPLIST_KEY_LSApplicationCategoryType = "public.app-category.sports";
				INFOPLIST_KEY_UIApplicationSceneManifest_Generation = YES;
				INFOPLIST_KEY_UIApplicationSupportsIndirectInputEvents = YES;
				INFOPLIST_KEY_UILaunchScreen_Generation = YES;
				INFOPLIST_KEY_UILaunchStoryboardName = LaunchScreen.storyboard;
				INFOPLIST_KEY_UISupportedInterfaceOrientations = UIInterfaceOrientationPortrait;
				INFOPLIST_KEY_UISupportedInterfaceOrientations_iPhone = UIInterfaceOrientationPortrait;
				INFOPLIST_KEY_UIUserInterfaceStyle = Light;
				IPHONEOS_DEPLOYMENT_TARGET = 16.0;
				LD_RUNPATH_SEARCH_PATHS = (
					"$(inherited)",
					"@executable_path/Frameworks",
				);
				MARKETING_VERSION = 1.0;
				PRODUCT_BUNDLE_IDENTIFIER = com.miguelferrerfornali.nbaapp.dev;
				PRODUCT_MODULE_NAME = NbaApp;
				PRODUCT_NAME = "$(TARGET_NAME) Dev";
				SUPPORTED_PLATFORMS = "iphoneos iphonesimulator";
				SUPPORTS_MACCATALYST = NO;
				SUPPORTS_MAC_DESIGNED_FOR_IPHONE_IPAD = NO;
				SWIFT_ACTIVE_COMPILATION_CONDITIONS = Demo;
				SWIFT_EMIT_LOC_STRINGS = YES;
				SWIFT_INCLUDE_PATHS = "";
				SWIFT_VERSION = 5.0;
				TARGETED_DEVICE_FAMILY = 1;
			};
			name = Demo;
		};
/* End XCBuildConfiguration section */

/* Begin XCConfigurationList section */
		4137AADB28DDE22E00F0C59C /* Build configuration list for PBXProject "NbaApp" */ = {
			isa = XCConfigurationList;
			buildConfigurations = (
				4137AAEC28DDE22F00F0C59C /* Develop */,
				4191C59A28F9E78300E59875 /* Demo */,
				4137AAED28DDE22F00F0C59C /* Production */,
			);
			defaultConfigurationIsVisible = 0;
			defaultConfigurationName = Production;
		};
		4137AAEE28DDE22F00F0C59C /* Build configuration list for PBXNativeTarget "NbaApp" */ = {
			isa = XCConfigurationList;
			buildConfigurations = (
				4137AAEF28DDE22F00F0C59C /* Develop */,
				4191C59B28F9E78300E59875 /* Demo */,
				4137AAF028DDE22F00F0C59C /* Production */,
			);
			defaultConfigurationIsVisible = 0;
			defaultConfigurationName = Production;
		};
/* End XCConfigurationList section */

/* Begin XCRemoteSwiftPackageReference section */
		410CD25128E341A60004CD94 /* XCRemoteSwiftPackageReference "lottie-ios" */ = {
			isa = XCRemoteSwiftPackageReference;
			repositoryURL = "https://github.com/airbnb/lottie-ios.git";
			requirement = {
				kind = upToNextMajorVersion;
				minimumVersion = 3.0.0;
			};
		};
		415B543F28DE140000A336A3 /* XCRemoteSwiftPackageReference "IQKeyboardManager" */ = {
			isa = XCRemoteSwiftPackageReference;
			repositoryURL = "https://github.com/hackiftekhar/IQKeyboardManager.git";
			requirement = {
				branch = master;
				kind = branch;
			};
		};
/* End XCRemoteSwiftPackageReference section */

/* Begin XCSwiftPackageProductDependency section */
		410CD25228E341A60004CD94 /* Lottie */ = {
			isa = XCSwiftPackageProductDependency;
			package = 410CD25128E341A60004CD94 /* XCRemoteSwiftPackageReference "lottie-ios" */;
			productName = Lottie;
		};
		415B544028DE140000A336A3 /* IQKeyboardManagerSwift */ = {
			isa = XCSwiftPackageProductDependency;
			package = 415B543F28DE140000A336A3 /* XCRemoteSwiftPackageReference "IQKeyboardManager" */;
			productName = IQKeyboardManagerSwift;
		};
/* End XCSwiftPackageProductDependency section */
	};
	rootObject = 4137AAD828DDE22E00F0C59C /* Project object */;
}
