{
  "pins" : [
    {
      "identity" : "iqkeyboardmanager",
      "kind" : "remoteSourceControl",
      "location" : "https://github.com/hackiftekhar/IQKeyboardManager.git",
      "state" : {
        "branch" : "master",
        "revision" : "7399efb730eea084571b45a1a9b36a3a3c54c44f"
      }
    }
  ],
  "version" : 2
}
